<?xml version="1.0" encoding="utf-8"?>
<Project ToolsVersion="4.0" xmlns="http://schemas.microsoft.com/developer/msbuild/2003">
  <ItemGroup>
    <Filter Include="Pliki źródłowe">
      <UniqueIdentifier>{4FC737F1-C7A5-4376-A066-2A32D752A2FF}</UniqueIdentifier>
      <Extensions>cpp;c;cc;cxx;c++;cppm;ixx;def;odl;idl;hpj;bat;asm;asmx</Extensions>
    </Filter>
    <Filter Include="Pliki nagłówkowe">
      <UniqueIdentifier>{93995380-89BD-4b04-88EB-625FBE52EBFB}</UniqueIdentifier>
      <Extensions>h;hh;hpp;hxx;h++;hm;inl;inc;ipp;xsd</Extensions>
    </Filter>
    <Filter Include="Pliki zasobów">
      <UniqueIdentifier>{67DA6AB6-F800-4c08-8B7A-83BB121AAD01}</UniqueIdentifier>
      <Extensions>rc;ico;cur;bmp;dlg;rc2;rct;bin;rgs;gif;jpg;jpeg;jpe;resx;tiff;tif;png;wav;mfcribbon-ms</Extensions>
    </Filter>
    <Filter Include="obj">
      <UniqueIdentifier>{20030f17-6102-4875-a8be-cc03438b8efb}</UniqueIdentifier>
    </Filter>
  </ItemGroup>
  <ItemGroup>
    <ClCompile Include="main.cpp">
      <Filter>Pliki źródłowe</Filter>
    </ClCompile>
    <ClCompile Include="Walec.cpp">
      <Filter>Pliki źródłowe</Filter>
    </ClCompile>
    <ClCompile Include="Obiekt.cpp">
      <Filter>Pliki źródłowe</Filter>
    </ClCompile>
    <ClCompile Include="Prostopadloscian.cpp">
      <Filter>Pliki źródłowe</Filter>
    </ClCompile>
    <ClCompile Include="Shader.cpp">
      <Filter>Pliki źródłowe</Filter>
    </ClCompile>
    <ClCompile Include="Model.cpp">
      <Filter>Pliki źródłowe</Filter>
    </ClCompile>
  </ItemGroup>
  <ItemGroup>
    <ClInclude Include="Walec.h">
      <Filter>Pliki nagłówkowe</Filter>
    </ClInclude>
    <ClInclude Include="Obiekt.h">
      <Filter>Pliki nagłówkowe</Filter>
    </ClInclude>
    <ClInclude Include="Prostopadloscian.h">
      <Filter>Pliki nagłówkowe</Filter>
    </ClInclude>
    <ClInclude Include="Shader.h">
      <Filter>Pliki nagłówkowe</Filter>
    </ClInclude>
    <ClInclude Include="Model.h">
      <Filter>Pliki nagłówkowe</Filter>
    </ClInclude>
    <ClInclude Include="stb_image.h">
      <Filter>Pliki nagłówkowe</Filter>
    </ClInclude>
  </ItemGroup>
  <ItemGroup>
    <None Include="fs.shader" />
    <None Include="vs.shader" />
    <None Include="obj\crate.mtl">
      <Filter>obj</Filter>
    </None>
    <None Include="obj\Lowpoly_tree_sample.mtl">
      <Filter>obj</Filter>
    </None>
  </ItemGroup>
  <ItemGroup>
    <Object Include="obj\crate.obj">
      <Filter>obj</Filter>
    </Object>
    <Object Include="obj\cube.obj">
      <Filter>obj</Filter>
    </Object>
    <Object Include="obj\lazik.obj">
      <Filter>obj</Filter>
    </Object>
    <Object Include="obj\surface.obj">
      <Filter>obj</Filter>
    </Object>
    <Object Include="obj\surface_2.obj">
      <Filter>obj</Filter>
    </Object>
    <Object Include="obj\surface3.obj">
      <Filter>obj</Filter>
    </Object>
    <Object Include="obj\szescian.obj">
      <Filter>obj</Filter>
    </Object>
    <Object Include="obj\tree.obj">
      <Filter>obj</Filter>
    </Object>
  </ItemGroup>
  <ItemGroup>
    <Image Include="obj\CubeTexture.jpg">
      <Filter>obj</Filter>
    </Image>
  </ItemGroup>
</Project>